
Microsoft Visual Studio Solution File, Format Version 12.00
# Visual Studio Version 17
VisualStudioVersion = 17.8.34330.188
MinimumVisualStudioVersion = 10.0.40219.1
Project("{9A19103F-16F7-4668-BE54-9A1E7A4F7556}") = "Model", "Model\Model.csproj", "{569E0DF0-91FD-4B64-B25B-77366E40F134}"
EndProject
Project("{9A19103F-16F7-4668-BE54-9A1E7A4F7556}") = "KinectFront", "KinectFront\KinectFront.csproj", "{2EE01554-A76E-4242-8369-712C30BF1E7A}"
EndProject
Project("{FAE04EC0-301F-11D3-BF4B-00C04F79EFBC}") = "ProjetFinal", "ProjetFinal\ProjetFinal.csproj", "{9768741D-64CC-4542-9B85-2C064F9758C7}"
EndProject
Project("{FAE04EC0-301F-11D3-BF4B-00C04F79EFBC}") = "KinectUtils", "KinectUtils\KinectUtils.csproj", "{7CC113EF-6B4B-4BAA-8A0A-14E071B68BB3}"
EndProject
Global
	GlobalSection(SolutionConfigurationPlatforms) = preSolution
		Debug|Any CPU = Debug|Any CPU
		Release|Any CPU = Release|Any CPU
	EndGlobalSection
	GlobalSection(ProjectConfigurationPlatforms) = postSolution
		{569E0DF0-91FD-4B64-B25B-77366E40F134}.Debug|Any CPU.ActiveCfg = Debug|Any CPU
		{569E0DF0-91FD-4B64-B25B-77366E40F134}.Debug|Any CPU.Build.0 = Debug|Any CPU
		{569E0DF0-91FD-4B64-B25B-77366E40F134}.Release|Any CPU.ActiveCfg = Release|Any CPU
		{569E0DF0-91FD-4B64-B25B-77366E40F134}.Release|Any CPU.Build.0 = Release|Any CPU
		{2EE01554-A76E-4242-8369-712C30BF1E7A}.Debug|Any CPU.ActiveCfg = Debug|Any CPU
		{2EE01554-A76E-4242-8369-712C30BF1E7A}.Debug|Any CPU.Build.0 = Debug|Any CPU
		{2EE01554-A76E-4242-8369-712C30BF1E7A}.Release|Any CPU.ActiveCfg = Release|Any CPU
		{2EE01554-A76E-4242-8369-712C30BF1E7A}.Release|Any CPU.Build.0 = Release|Any CPU
		{9768741D-64CC-4542-9B85-2C064F9758C7}.Debug|Any CPU.ActiveCfg = Debug|Any CPU
		{9768741D-64CC-4542-9B85-2C064F9758C7}.Debug|Any CPU.Build.0 = Debug|Any CPU
		{9768741D-64CC-4542-9B85-2C064F9758C7}.Release|Any CPU.ActiveCfg = Release|Any CPU
		{9768741D-64CC-4542-9B85-2C064F9758C7}.Release|Any CPU.Build.0 = Release|Any CPU
		{7CC113EF-6B4B-4BAA-8A0A-14E071B68BB3}.Debug|Any CPU.ActiveCfg = Debug|Any CPU
		{7CC113EF-6B4B-4BAA-8A0A-14E071B68BB3}.Debug|Any CPU.Build.0 = Debug|Any CPU
		{7CC113EF-6B4B-4BAA-8A0A-14E071B68BB3}.Release|Any CPU.ActiveCfg = Release|Any CPU
		{7CC113EF-6B4B-4BAA-8A0A-14E071B68BB3}.Release|Any CPU.Build.0 = Release|Any CPU
	EndGlobalSection
	GlobalSection(SolutionProperties) = preSolution
		HideSolutionNode = FALSE
	EndGlobalSection
	GlobalSection(ExtensibilityGlobals) = postSolution
		SolutionGuid = {113F4671-E3AC-4777-9F49-C37CC5C63C11}
	EndGlobalSection
EndGlobal
